{
  "name": "functions",
  "requires": true,
  "lockfileVersion": 1,
  "dependencies": {
    "@types/node": {
      "version": "14.0.23",
      "resolved": "https://registry.npmjs.org/@types/node/-/node-14.0.23.tgz",
      "integrity": "sha512-Z4U8yDAl5TFkmYsZdFPdjeMa57NOvnaf1tljHzhouaPEp7LCj2JKkejpI1ODviIAQuW4CcQmxkQ77rnLsOOoKw=="
    },
    "abbrev": {
      "version": "1.1.1",
      "resolved": "https://registry.npmjs.org/abbrev/-/abbrev-1.1.1.tgz",
      "integrity": "sha512-nne9/IiQ/hzIhY6pdDnbBtz7DjPTKrY00P/zvPSm5pOFkl6xuGrGnXn/VtTNNfNtAfZ9/1RtehkszU9qcTii0Q=="
    },
    "ansi-colors": {
      "version": "4.1.1",
      "resolved": "https://registry.npmjs.org/ansi-colors/-/ansi-colors-4.1.1.tgz",
      "integrity": "sha512-JoX0apGbHaUJBNl6yF+p6JAFYZ666/hhCGKN5t9QFjbJQKUU/g8MNbFDbvfrgKXvI1QpZplPOnwIo99lX/AAmA=="
    },
    "array-pull-all-with-glob": {
      "version": "4.12.66",
      "resolved": "https://registry.npmjs.org/array-pull-all-with-glob/-/array-pull-all-with-glob-4.12.66.tgz",
      "integrity": "sha512-T0wgSkO6XmjQy3t5Xi95bGOsgOZR7Nb252q6YTrTu2k0a2TVg9fYEoZfkUCf7p12oOt/3IksxeFn/fqfTm9kLg==",
      "requires": {
        "matcher": "^3.0.0"
      }
    },
    "arrayiffy-if-string": {
      "version": "3.11.32",
      "resolved": "https://registry.npmjs.org/arrayiffy-if-string/-/arrayiffy-if-string-3.11.32.tgz",
      "integrity": "sha512-4aJwdkDr35hvwqAfM2M1iO0UCYh+jbjzN9LBGjwVxtwBU0cw2IG8OaiQ2tHwiuspUsLRUFlMqB4DRjh8lD/r4w=="
    },
    "ast-is-empty": {
      "version": "1.10.5",
      "resolved": "https://registry.npmjs.org/ast-is-empty/-/ast-is-empty-1.10.5.tgz",
      "integrity": "sha512-23OQTM6U+E+jOtl+G8xFzUOyoY3ZoABUgO5UuWcc7DDP8/gHoTNTA//1VQjnHj4MBWeDhdHNUvOgNLsdlVKNqg=="
    },
    "balanced-match": {
      "version": "1.0.0",
      "resolved": "https://registry.npmjs.org/balanced-match/-/balanced-match-1.0.0.tgz",
      "integrity": "sha1-ibTRmasr7kneFk6gK4nORi1xt2c="
    },
    "boolbase": {
      "version": "1.0.0",
      "resolved": "https://registry.npmjs.org/boolbase/-/boolbase-1.0.0.tgz",
      "integrity": "sha1-aN/1++YMUes3cl6p4+0xDcwed24="
    },
    "brace-expansion": {
      "version": "1.1.11",
      "resolved": "https://registry.npmjs.org/brace-expansion/-/brace-expansion-1.1.11.tgz",
      "integrity": "sha512-iCuPHDFgrHX7H2vEI/5xpz07zSHB00TpugqhmYtVmMO6518mCuRMoOYFldEBl0g187ufozdaHgWKcYFb61qGiA==",
      "requires": {
        "balanced-match": "^1.0.0",
        "concat-map": "0.0.1"
      }
    },
    "cheerio": {
      "version": "0.22.0",
      "resolved": "https://registry.npmjs.org/cheerio/-/cheerio-0.22.0.tgz",
      "integrity": "sha1-qbqoYKP5tZWmuBsahocxIe06Jp4=",
      "requires": {
        "css-select": "~1.2.0",
        "dom-serializer": "~0.1.0",
        "entities": "~1.1.1",
        "htmlparser2": "^3.9.1",
        "lodash.assignin": "^4.0.9",
        "lodash.bind": "^4.1.4",
        "lodash.defaults": "^4.0.1",
        "lodash.filter": "^4.4.0",
        "lodash.flatten": "^4.2.0",
        "lodash.foreach": "^4.3.0",
        "lodash.map": "^4.4.0",
        "lodash.merge": "^4.4.0",
        "lodash.pick": "^4.2.1",
        "lodash.reduce": "^4.4.0",
        "lodash.reject": "^4.4.0",
        "lodash.some": "^4.4.0"
      }
    },
    "color-shorthand-hex-to-six-digit": {
      "version": "2.10.62",
      "resolved": "https://registry.npmjs.org/color-shorthand-hex-to-six-digit/-/color-shorthand-hex-to-six-digit-2.10.62.tgz",
      "integrity": "sha512-HLAclubvYtybJNLpkQ0BzZQxNCJE4/F/zxtXVd9nBaFtQHRWgAlirMVy6Kqt8HZnMrz7H7FG3FleAOzcY+vLtg==",
      "requires": {
        "hex-color-regex": "^1.1.0",
        "lodash.clonedeep": "^4.5.0",
        "lodash.isplainobject": "^4.0.6"
      }
    },
    "commander": {
      "version": "2.20.1",
      "resolved": "https://registry.npmjs.org/commander/-/commander-2.20.1.tgz",
      "integrity": "sha512-cCuLsMhJeWQ/ZpsFTbE765kvVfoeSddc4nU3up4fV+fDBcfUXnbITJ+JzhkdjzOqhURjZgujxaioam4RM9yGUg=="
    },
    "concat-map": {
      "version": "0.0.1",
      "resolved": "https://registry.npmjs.org/concat-map/-/concat-map-0.0.1.tgz",
      "integrity": "sha1-2Klr13/Wjfd5OnMDajug1UBdR3s="
    },
    "condense-newlines": {
      "version": "0.2.1",
      "resolved": "https://registry.npmjs.org/condense-newlines/-/condense-newlines-0.2.1.tgz",
      "integrity": "sha1-PemFVTE5R10yUCyDsC9gaE0kxV8=",
      "requires": {
        "extend-shallow": "^2.0.1",
        "is-whitespace": "^0.3.0",
        "kind-of": "^3.0.2"
      }
    },
    "config-chain": {
      "version": "1.1.12",
      "resolved": "https://registry.npmjs.org/config-chain/-/config-chain-1.1.12.tgz",
      "integrity": "sha512-a1eOIcu8+7lUInge4Rpf/n4Krkf3Dd9lqhljRzII1/Zno/kRtUWnznPO3jOKBmTEktkt3fkxisUcivoj0ebzoA==",
      "requires": {
        "ini": "^1.3.4",
        "proto-list": "~1.2.1"
      }
    },
    "css-select": {
      "version": "1.2.0",
      "resolved": "https://registry.npmjs.org/css-select/-/css-select-1.2.0.tgz",
      "integrity": "sha1-KzoRBTnFNV8c2NMUYj6HCxIeyFg=",
      "requires": {
        "boolbase": "~1.0.0",
        "css-what": "2.1",
        "domutils": "1.5.1",
        "nth-check": "~1.0.1"
      }
    },
    "css-what": {
      "version": "2.1.3",
      "resolved": "https://registry.npmjs.org/css-what/-/css-what-2.1.3.tgz",
      "integrity": "sha512-a+EPoD+uZiNfh+5fxw2nO9QwFa6nJe2Or35fGY6Ipw1R3R4AGz1d1TEZrCegvw2YTmZ0jXirGYlzxxpYSHwpEg=="
    },
    "decode-uri-component": {
      "version": "0.2.0",
      "resolved": "https://registry.npmjs.org/decode-uri-component/-/decode-uri-component-0.2.0.tgz",
      "integrity": "sha1-6zkTMzRYd1y4TNGh+uBiEGu4dUU="
    },
    "dom-serializer": {
      "version": "0.1.1",
      "resolved": "https://registry.npmjs.org/dom-serializer/-/dom-serializer-0.1.1.tgz",
      "integrity": "sha512-l0IU0pPzLWSHBcieZbpOKgkIn3ts3vAh7ZuFyXNwJxJXk/c4Gwj9xaTJwIDVQCXawWD0qb3IzMGH5rglQaO0XA==",
      "requires": {
        "domelementtype": "^1.3.0",
        "entities": "^1.1.1"
      }
    },
    "domelementtype": {
      "version": "1.3.1",
      "resolved": "https://registry.npmjs.org/domelementtype/-/domelementtype-1.3.1.tgz",
      "integrity": "sha512-BSKB+TSpMpFI/HOxCNr1O8aMOTZ8hT3pM3GQ0w/mWRmkhEDSFJkkyzz4XQsBV44BChwGkrDfMyjVD0eA2aFV3w=="
    },
    "domhandler": {
      "version": "2.4.2",
      "resolved": "https://registry.npmjs.org/domhandler/-/domhandler-2.4.2.tgz",
      "integrity": "sha512-JiK04h0Ht5u/80fdLMCEmV4zkNh2BcoMFBmZ/91WtYZ8qVXSKjiw7fXMgFPnHcSZgOo3XdinHvmnDUeMf5R4wA==",
      "requires": {
        "domelementtype": "1"
      }
    },
    "domutils": {
      "version": "1.5.1",
      "resolved": "https://registry.npmjs.org/domutils/-/domutils-1.5.1.tgz",
      "integrity": "sha1-3NhIiib1Y9YQeeSMn3t+Mjc2gs8=",
      "requires": {
        "dom-serializer": "0",
        "domelementtype": "1"
      }
    },
    "editorconfig": {
      "version": "0.15.3",
      "resolved": "https://registry.npmjs.org/editorconfig/-/editorconfig-0.15.3.tgz",
      "integrity": "sha512-M9wIMFx96vq0R4F+gRpY3o2exzb8hEj/n9S8unZtHSvYjibBp/iMufSzvmOcV/laG0ZtuTVGtiJggPOSW2r93g==",
      "requires": {
        "commander": "^2.19.0",
        "lru-cache": "^4.1.5",
        "semver": "^5.6.0",
        "sigmund": "^1.0.1"
      }
    },
    "email-comb": {
      "version": "3.9.19",
      "resolved": "https://registry.npmjs.org/email-comb/-/email-comb-3.9.19.tgz",
      "integrity": "sha512-NE8BkZS/yAC+NMmQsKNGuVXzr0asz9X35aFdedP1sxwMNP3dfNNGqqNC/TbXuvyxFViLAT/S6Y9BeBHpeVgHYQ==",
      "requires": {
        "array-pull-all-with-glob": "^4.12.66",
        "ast-is-empty": "^1.10.5",
        "lodash.intersection": "^4.4.0",
        "lodash.pullall": "^4.2.0",
        "lodash.uniq": "^4.5.0",
        "matcher": "^3.0.0",
        "ranges-apply": "^3.1.10",
        "ranges-push": "^3.7.14",
        "regex-empty-conditional-comments": "^1.8.57",
        "string-extract-class-names": "^5.9.25",
        "string-left-right": "^2.3.24",
        "string-match-left-right": "^4.0.8",
        "string-range-expander": "^1.11.5",
        "string-uglify": "^1.2.39"
      }
    },
    "ent": {
      "version": "2.2.0",
      "resolved": "https://registry.npmjs.org/ent/-/ent-2.2.0.tgz",
      "integrity": "sha1-6WQhkyWiHQX0RGai9obtbOX13R0="
    },
    "entities": {
      "version": "1.1.2",
      "resolved": "https://registry.npmjs.org/entities/-/entities-1.1.2.tgz",
      "integrity": "sha512-f2LZMYl1Fzu7YSBKg+RoROelpOaNrcGmE9AZubeDfrCEia483oW4MI4VyFd5VNHIgQ/7qm1I0wUHK1eJnn2y2w=="
    },
    "escape-goat": {
      "version": "3.0.0",
      "resolved": "https://registry.npmjs.org/escape-goat/-/escape-goat-3.0.0.tgz",
      "integrity": "sha512-w3PwNZJwRxlp47QGzhuEBldEqVHHhh8/tIPcl6ecf2Bou99cdAt0knihBV0Ecc7CGxYduXVBDheH1K2oADRlvw=="
    },
    "escape-string-regexp": {
      "version": "4.0.0",
      "resolved": "https://registry.npmjs.org/escape-string-regexp/-/escape-string-regexp-4.0.0.tgz",
      "integrity": "sha512-TtpcNJ3XAzx3Gq8sWRzJaVajRs0uVxA2YAkdb1jm2YkPz4G6egUFAyA3n5vtEIZefPk5Wa4UXbKuS5fKkJWdgA=="
    },
    "extend-shallow": {
      "version": "2.0.1",
      "resolved": "https://registry.npmjs.org/extend-shallow/-/extend-shallow-2.0.1.tgz",
      "integrity": "sha1-Ua99YUrZqfYQ6huvu5idaxxWiQ8=",
      "requires": {
        "is-extendable": "^0.1.0"
      }
    },
    "fs.realpath": {
      "version": "1.0.0",
      "resolved": "https://registry.npmjs.org/fs.realpath/-/fs.realpath-1.0.0.tgz",
      "integrity": "sha1-FQStJSMVjKpA20onh8sBQRmU6k8="
    },
    "glob": {
      "version": "7.1.4",
      "resolved": "https://registry.npmjs.org/glob/-/glob-7.1.4.tgz",
      "integrity": "sha512-hkLPepehmnKk41pUGm3sYxoFs/umurYfYJCerbXEyFIWcAzvpipAgVkBqqT9RBKMGjnq6kMuyYwha6csxbiM1A==",
      "requires": {
        "fs.realpath": "^1.0.0",
        "inflight": "^1.0.4",
        "inherits": "2",
        "minimatch": "^3.0.4",
        "once": "^1.3.0",
        "path-is-absolute": "^1.0.0"
      }
    },
    "hex-color-regex": {
      "version": "1.1.0",
      "resolved": "https://registry.npmjs.org/hex-color-regex/-/hex-color-regex-1.1.0.tgz",
      "integrity": "sha512-l9sfDFsuqtOqKDsQdqrMRk0U85RZc0RtOR9yPI7mRVOa4FsR/BVnZ0shmQRM96Ji99kYZP/7hn1cedc1+ApsTQ=="
    },
    "html-crush": {
      "version": "2.0.0",
      "resolved": "https://registry.npmjs.org/html-crush/-/html-crush-2.0.0.tgz",
      "integrity": "sha512-yVI+iOPDkGFCo7+gs1Q5/0iuRUFhpcgbQ2OM+rpZiD20TdLsSquYNio7swUaW0g5mnLIe6BxbYLOOHsBQAA0vg==",
      "requires": {
        "lodash.isplainobject": "^4.0.6",
        "ranges-apply": "^3.1.9",
        "ranges-push": "^3.7.14",
        "string-left-right": "^2.3.24",
        "string-match-left-right": "^4.0.8",
        "string-range-expander": "^1.11.5"
      }
    },
    "htmlparser2": {
      "version": "3.10.1",
      "resolved": "https://registry.npmjs.org/htmlparser2/-/htmlparser2-3.10.1.tgz",
      "integrity": "sha512-IgieNijUMbkDovyoKObU1DUhm1iwNYE/fuifEoEHfd1oZKZDaONBSkal7Y01shxsM49R4XaMdGez3WnF9UfiCQ==",
      "requires": {
        "domelementtype": "^1.3.1",
        "domhandler": "^2.3.0",
        "domutils": "^1.5.1",
        "entities": "^1.1.1",
        "inherits": "^2.0.1",
        "readable-stream": "^3.1.1"
      }
    },
    "inflight": {
      "version": "1.0.6",
      "resolved": "https://registry.npmjs.org/inflight/-/inflight-1.0.6.tgz",
      "integrity": "sha1-Sb1jMdfQLQwJvJEKEHW6gWW1bfk=",
      "requires": {
        "once": "^1.3.0",
        "wrappy": "1"
      }
    },
    "inherits": {
      "version": "2.0.4",
      "resolved": "https://registry.npmjs.org/inherits/-/inherits-2.0.4.tgz",
      "integrity": "sha512-k/vGaX4/Yla3WzyMCvTQOXYeIHvqOKtnqBduzTHpzpQZzAskKMhZ2K+EnBiSM9zGSoIFeMpXKxa4dYeZIQqewQ=="
    },
    "ini": {
      "version": "1.3.5",
      "resolved": "https://registry.npmjs.org/ini/-/ini-1.3.5.tgz",
      "integrity": "sha512-RZY5huIKCMRWDUqZlEi72f/lmXKMvuszcMBduliQ3nnWbx9X/ZBQO7DijMEYS9EhHBb2qacRUMtC7svLwe0lcw=="
    },
    "is-buffer": {
      "version": "1.1.6",
      "resolved": "https://registry.npmjs.org/is-buffer/-/is-buffer-1.1.6.tgz",
      "integrity": "sha512-NcdALwpXkTm5Zvvbk7owOUSvVvBKDgKP5/ewfXEznmQFfs4ZRmanOeKBTjRVjka3QFoN6XJ+9F3USqfHqTaU5w=="
    },
    "is-extendable": {
      "version": "0.1.1",
      "resolved": "https://registry.npmjs.org/is-extendable/-/is-extendable-0.1.1.tgz",
      "integrity": "sha1-YrEQ4omkcUGOPsNqYX1HLjAd/Ik="
    },
    "is-url-superb": {
      "version": "4.0.0",
      "resolved": "https://registry.npmjs.org/is-url-superb/-/is-url-superb-4.0.0.tgz",
      "integrity": "sha512-GI+WjezhPPcbM+tqE9LnmsY5qqjwHzTvjJ36wxYX5ujNXefSUJ/T17r5bqDV8yLhcgB59KTPNOc9O9cmHTPWsA=="
    },
    "is-whitespace": {
      "version": "0.3.0",
      "resolved": "https://registry.npmjs.org/is-whitespace/-/is-whitespace-0.3.0.tgz",
      "integrity": "sha1-Fjnssb4DauxppUy7QBz77XEUq38="
    },
    "js-beautify": {
      "version": "1.10.2",
      "resolved": "https://registry.npmjs.org/js-beautify/-/js-beautify-1.10.2.tgz",
      "integrity": "sha512-ZtBYyNUYJIsBWERnQP0rPN9KjkrDfJcMjuVGcvXOUJrD1zmOGwhRwQ4msG+HJ+Ni/FA7+sRQEMYVzdTQDvnzvQ==",
      "requires": {
        "config-chain": "^1.1.12",
        "editorconfig": "^0.15.3",
        "glob": "^7.1.3",
        "mkdirp": "~0.5.1",
        "nopt": "~4.0.1"
      }
    },
    "juice": {
      "version": "7.0.0",
      "resolved": "https://registry.npmjs.org/juice/-/juice-7.0.0.tgz",
      "integrity": "sha512-AjKQX31KKN+uJs+zaf+GW8mBO/f/0NqSh2moTMyvwBY+4/lXIYTU8D8I2h6BAV3Xnz6GGsbalUyFqbYMe+Vh+Q==",
      "requires": {
        "cheerio": "^1.0.0-rc.3",
        "commander": "^5.1.0",
        "mensch": "^0.3.4",
        "slick": "^1.12.2",
        "web-resource-inliner": "^5.0.0"
      },
      "dependencies": {
        "cheerio": {
          "version": "1.0.0-rc.3",
          "resolved": "https://registry.npmjs.org/cheerio/-/cheerio-1.0.0-rc.3.tgz",
          "integrity": "sha512-0td5ijfUPuubwLUu0OBoe98gZj8C/AA+RW3v67GPlGOrvxWjZmBXiBCRU+I8VEiNyJzjth40POfHiz2RB3gImA==",
          "requires": {
            "css-select": "~1.2.0",
            "dom-serializer": "~0.1.1",
            "entities": "~1.1.1",
            "htmlparser2": "^3.9.1",
            "lodash": "^4.15.0",
            "parse5": "^3.0.1"
          }
        },
        "commander": {
          "version": "5.1.0",
          "resolved": "https://registry.npmjs.org/commander/-/commander-5.1.0.tgz",
          "integrity": "sha512-P0CysNDQ7rtVw4QIQtm+MRxV66vKFSvlsQvGYXZWR3qFU0jlMKHZZZgw8e+8DSah4UDKMqnknRDQz+xuQXQ/Zg=="
        }
      }
    },
    "kind-of": {
      "version": "3.2.2",
      "resolved": "https://registry.npmjs.org/kind-of/-/kind-of-3.2.2.tgz",
      "integrity": "sha1-MeohpzS6ubuw8yRm2JOupR5KPGQ=",
      "requires": {
        "is-buffer": "^1.1.5"
      }
    },
    "lodash": {
      "version": "4.17.19",
      "resolved": "https://registry.npmjs.org/lodash/-/lodash-4.17.19.tgz",
      "integrity": "sha512-JNvd8XER9GQX0v2qJgsaN/mzFCNA5BRe/j8JN9d+tWyGLSodKQHKFicdwNYzWwI3wjRnaKPsGj1XkBjx/F96DQ=="
    },
    "lodash.assignin": {
      "version": "4.2.0",
      "resolved": "https://registry.npmjs.org/lodash.assignin/-/lodash.assignin-4.2.0.tgz",
      "integrity": "sha1-uo31+4QesKPoBEIysOJjqNxqKKI="
    },
    "lodash.bind": {
      "version": "4.2.1",
      "resolved": "https://registry.npmjs.org/lodash.bind/-/lodash.bind-4.2.1.tgz",
      "integrity": "sha1-euMBfpOWIqwxt9fX3LGzTbFpDTU="
    },
    "lodash.clonedeep": {
      "version": "4.5.0",
      "resolved": "https://registry.npmjs.org/lodash.clonedeep/-/lodash.clonedeep-4.5.0.tgz",
      "integrity": "sha1-4j8/nE+Pvd6HJSnBBxhXoIblzO8="
    },
    "lodash.defaults": {
      "version": "4.2.0",
      "resolved": "https://registry.npmjs.org/lodash.defaults/-/lodash.defaults-4.2.0.tgz",
      "integrity": "sha1-0JF4cW/+pN3p5ft7N/bwgCJ0WAw="
    },
    "lodash.filter": {
      "version": "4.6.0",
      "resolved": "https://registry.npmjs.org/lodash.filter/-/lodash.filter-4.6.0.tgz",
      "integrity": "sha1-ZosdSYFgOuHMWm+nYBQ+SAtMSs4="
    },
    "lodash.flatten": {
      "version": "4.4.0",
      "resolved": "https://registry.npmjs.org/lodash.flatten/-/lodash.flatten-4.4.0.tgz",
      "integrity": "sha1-8xwiIlqWMtK7+OSt2+8kCqdlph8="
    },
    "lodash.foreach": {
      "version": "4.5.0",
      "resolved": "https://registry.npmjs.org/lodash.foreach/-/lodash.foreach-4.5.0.tgz",
      "integrity": "sha1-Gmo16s5AEoDH8G3d7DUWWrJ+PlM="
    },
    "lodash.intersection": {
      "version": "4.4.0",
      "resolved": "https://registry.npmjs.org/lodash.intersection/-/lodash.intersection-4.4.0.tgz",
      "integrity": "sha1-ChG6Yx0OlcI8fy9Mu5ppLtF45wU="
    },
    "lodash.isplainobject": {
      "version": "4.0.6",
      "resolved": "https://registry.npmjs.org/lodash.isplainobject/-/lodash.isplainobject-4.0.6.tgz",
      "integrity": "sha1-fFJqUtibRcRcxpC4gWO+BJf1UMs="
    },
    "lodash.map": {
      "version": "4.6.0",
      "resolved": "https://registry.npmjs.org/lodash.map/-/lodash.map-4.6.0.tgz",
      "integrity": "sha1-dx7Hg540c9nEzeKLGTlMNWL09tM="
    },
    "lodash.merge": {
      "version": "4.6.2",
      "resolved": "https://registry.npmjs.org/lodash.merge/-/lodash.merge-4.6.2.tgz",
      "integrity": "sha512-0KpjqXRVvrYyCsX1swR/XTK0va6VQkQM6MNo7PqW77ByjAhoARA8EfrP1N4+KlKj8YS0ZUCtRT/YUuhyYDujIQ=="
    },
    "lodash.pick": {
      "version": "4.4.0",
      "resolved": "https://registry.npmjs.org/lodash.pick/-/lodash.pick-4.4.0.tgz",
      "integrity": "sha1-UvBWEP/53tQiYRRB7R/BI6AwAbM="
    },
    "lodash.pullall": {
      "version": "4.2.0",
      "resolved": "https://registry.npmjs.org/lodash.pullall/-/lodash.pullall-4.2.0.tgz",
      "integrity": "sha1-nZi4UYt8llsPrkCZvZ+334u/OLo="
    },
    "lodash.reduce": {
      "version": "4.6.0",
      "resolved": "https://registry.npmjs.org/lodash.reduce/-/lodash.reduce-4.6.0.tgz",
      "integrity": "sha1-8atrg5KZrUj3hKu/R2WW8DuRTTs="
    },
    "lodash.reject": {
      "version": "4.6.0",
      "resolved": "https://registry.npmjs.org/lodash.reject/-/lodash.reject-4.6.0.tgz",
      "integrity": "sha1-gNZJLcFHCGS79YNTO2UfQqn1JBU="
    },
    "lodash.some": {
      "version": "4.6.0",
      "resolved": "https://registry.npmjs.org/lodash.some/-/lodash.some-4.6.0.tgz",
      "integrity": "sha1-G7nzFO9ri63tE7VJFpsqlF62jk0="
    },
    "lodash.trim": {
      "version": "4.5.1",
      "resolved": "https://registry.npmjs.org/lodash.trim/-/lodash.trim-4.5.1.tgz",
      "integrity": "sha1-NkJefukL5KpeJ7zruFt9EepHqlc="
    },
    "lodash.uniq": {
      "version": "4.5.0",
      "resolved": "https://registry.npmjs.org/lodash.uniq/-/lodash.uniq-4.5.0.tgz",
      "integrity": "sha1-0CJTc662Uq3BvILklFM5qEJ1R3M="
    },
    "lodash.without": {
      "version": "4.4.0",
      "resolved": "https://registry.npmjs.org/lodash.without/-/lodash.without-4.4.0.tgz",
      "integrity": "sha1-PNRXSgC2e643OpS3SHcmQFB7eqw="
    },
    "lru-cache": {
      "version": "4.1.5",
      "resolved": "https://registry.npmjs.org/lru-cache/-/lru-cache-4.1.5.tgz",
      "integrity": "sha512-sWZlbEP2OsHNkXrMl5GYk/jKk70MBng6UU4YI/qGDYbgf6YbP4EvmqISbXCoJiRKs+1bSpFHVgQxvJ17F2li5g==",
      "requires": {
        "pseudomap": "^1.0.2",
        "yallist": "^2.1.2"
      }
    },
    "matcher": {
      "version": "3.0.0",
      "resolved": "https://registry.npmjs.org/matcher/-/matcher-3.0.0.tgz",
      "integrity": "sha512-OkeDaAZ/bQCxeFAozM55PKcKU0yJMPGifLwV4Qgjitu+5MoAfSQN4lsLJeXZ1b8w0x+/Emda6MZgXS1jvsapng==",
      "requires": {
        "escape-string-regexp": "^4.0.0"
      }
    },
    "mensch": {
      "version": "0.3.4",
      "resolved": "https://registry.npmjs.org/mensch/-/mensch-0.3.4.tgz",
      "integrity": "sha512-IAeFvcOnV9V0Yk+bFhYR07O3yNina9ANIN5MoXBKYJ/RLYPurd2d0yw14MDhpr9/momp0WofT1bPUh3hkzdi/g=="
    },
    "mime": {
      "version": "2.4.6",
      "resolved": "https://registry.npmjs.org/mime/-/mime-2.4.6.tgz",
      "integrity": "sha512-RZKhC3EmpBchfTGBVb8fb+RL2cWyw/32lshnsETttkBAyAUXSGHxbEJWWRXc751DrIxG1q04b8QwMbAwkRPpUA=="
    },
    "minimatch": {
      "version": "3.0.4",
      "resolved": "https://registry.npmjs.org/minimatch/-/minimatch-3.0.4.tgz",
      "integrity": "sha512-yJHVQEhyqPLUTgt9B83PXu6W3rx4MvvHvSUvToogpwoGDOUQ+yDrR0HRot+yOCdCO7u4hX3pWft6kWBBcqh0UA==",
      "requires": {
        "brace-expansion": "^1.1.7"
      }
    },
    "minimist": {
      "version": "0.0.8",
      "resolved": "https://registry.npmjs.org/minimist/-/minimist-0.0.8.tgz",
      "integrity": "sha1-hX/Kv8M5fSYluCKCYuhqp6ARsF0="
    },
    "mkdirp": {
      "version": "0.5.1",
      "resolved": "https://registry.npmjs.org/mkdirp/-/mkdirp-0.5.1.tgz",
      "integrity": "sha1-MAV0OOrGz3+MR2fzhkjWaX11yQM=",
      "requires": {
        "minimist": "0.0.8"
      }
    },
    "node-fetch": {
      "version": "2.6.1",
      "resolved": "https://registry.npmjs.org/node-fetch/-/node-fetch-2.6.1.tgz",
      "integrity": "sha512-V4aYg89jEoVRxRb2fJdAg8FHvI7cEyYdVAh94HH0UIK8oJxUfkjlDQN9RbMx+bEjP7+ggMiFRprSti032Oipxw=="
    },
    "nopt": {
      "version": "4.0.1",
      "resolved": "https://registry.npmjs.org/nopt/-/nopt-4.0.1.tgz",
      "integrity": "sha1-0NRoWv1UFRk8jHUFYC0NF81kR00=",
      "requires": {
        "abbrev": "1",
        "osenv": "^0.1.4"
      }
    },
    "nth-check": {
      "version": "1.0.2",
      "resolved": "https://registry.npmjs.org/nth-check/-/nth-check-1.0.2.tgz",
      "integrity": "sha512-WeBOdju8SnzPN5vTUJYxYUxLeXpCaVP5i5e0LF8fg7WORF2Wd7wFX/pk0tYZk7s8T+J7VLy0Da6J1+wCT0AtHg==",
      "requires": {
        "boolbase": "~1.0.0"
      }
    },
    "once": {
      "version": "1.4.0",
      "resolved": "https://registry.npmjs.org/once/-/once-1.4.0.tgz",
      "integrity": "sha1-WDsap3WWHUsROsF9nFC6753Xa9E=",
      "requires": {
        "wrappy": "1"
      }
    },
    "os-homedir": {
      "version": "1.0.2",
      "resolved": "https://registry.npmjs.org/os-homedir/-/os-homedir-1.0.2.tgz",
      "integrity": "sha1-/7xJiDNuDoM94MFox+8VISGqf7M="
    },
    "os-tmpdir": {
      "version": "1.0.2",
      "resolved": "https://registry.npmjs.org/os-tmpdir/-/os-tmpdir-1.0.2.tgz",
      "integrity": "sha1-u+Z0BseaqFxc/sdm/lc0VV36EnQ="
    },
    "osenv": {
      "version": "0.1.5",
      "resolved": "https://registry.npmjs.org/osenv/-/osenv-0.1.5.tgz",
      "integrity": "sha512-0CWcCECdMVc2Rw3U5w9ZjqX6ga6ubk1xDVKxtBQPK7wis/0F2r9T6k4ydGYhecl7YUBxBVxhL5oisPsNxAPe2g==",
      "requires": {
        "os-homedir": "^1.0.0",
        "os-tmpdir": "^1.0.0"
      }
    },
    "parse5": {
      "version": "3.0.3",
      "resolved": "https://registry.npmjs.org/parse5/-/parse5-3.0.3.tgz",
      "integrity": "sha512-rgO9Zg5LLLkfJF9E6CCmXlSE4UVceloys8JrFqCcHloC3usd/kJCyPDwH2SOlzix2j3xaP9sUX3e8+kvkuleAA==",
      "requires": {
        "@types/node": "*"
      }
    },
    "path-is-absolute": {
      "version": "1.0.1",
      "resolved": "https://registry.npmjs.org/path-is-absolute/-/path-is-absolute-1.0.1.tgz",
      "integrity": "sha1-F0uSaHNVNP+8es5r9TpanhtcX18="
    },
    "posthtml": {
      "version": "0.13.1",
      "resolved": "https://registry.npmjs.org/posthtml/-/posthtml-0.13.1.tgz",
      "integrity": "sha512-8aJZ63WYL9YsAZVcrIn6U0dSYbna7hcTceZjnbH7dilg01t4t3JDx0UovbhGFscFJg/++qhECCjGEQuJAqD7dA==",
      "requires": {
        "posthtml-parser": "^0.4.2",
        "posthtml-render": "^1.2.2"
      }
    },
    "posthtml-parser": {
      "version": "0.4.2",
      "resolved": "https://registry.npmjs.org/posthtml-parser/-/posthtml-parser-0.4.2.tgz",
      "integrity": "sha512-BUIorsYJTvS9UhXxPTzupIztOMVNPa/HtAm9KHni9z6qEfiJ1bpOBL5DfUOL9XAc3XkLIEzBzpph+Zbm4AdRAg==",
      "requires": {
        "htmlparser2": "^3.9.2"
      }
    },
    "posthtml-render": {
      "version": "1.2.2",
      "resolved": "https://registry.npmjs.org/posthtml-render/-/posthtml-render-1.2.2.tgz",
      "integrity": "sha512-MbIXTWwAfJ9qET6Zl29UNwJcDJEEz9Zkr5oDhiujitJa7YBJwEpbkX2cmuklCDxubTMoRWpid3q8DrSyGnUUzQ=="
    },
    "pretty": {
      "version": "2.0.0",
      "resolved": "https://registry.npmjs.org/pretty/-/pretty-2.0.0.tgz",
      "integrity": "sha1-rbx5YLe7/iiaVX3F9zdhmiINBqU=",
      "requires": {
        "condense-newlines": "^0.2.1",
        "extend-shallow": "^2.0.1",
        "js-beautify": "^1.6.12"
      }
    },
    "prevent-widows": {
      "version": "1.0.2",
      "resolved": "https://registry.npmjs.org/prevent-widows/-/prevent-widows-1.0.2.tgz",
      "integrity": "sha512-SSnPvcliNDgu+R5QSB2lJMT5XsUpZzBdQVdReywjtw7ukQYiKB27YUcfNY7EiLSatEj8OYT27bs87k+ge8Rweg=="
    },
    "proto-list": {
      "version": "1.2.4",
      "resolved": "https://registry.npmjs.org/proto-list/-/proto-list-1.2.4.tgz",
      "integrity": "sha1-IS1b/hMYMGpCD2QCuOJv85ZHqEk="
    },
    "pseudomap": {
      "version": "1.0.2",
      "resolved": "https://registry.npmjs.org/pseudomap/-/pseudomap-1.0.2.tgz",
      "integrity": "sha1-8FKijacOYYkX7wqKw0wa5aaChrM="
    },
    "query-string": {
      "version": "6.13.1",
      "resolved": "https://registry.npmjs.org/query-string/-/query-string-6.13.1.tgz",
      "integrity": "sha512-RfoButmcK+yCta1+FuU8REvisx1oEzhMKwhLUNcepQTPGcNMp1sIqjnfCtfnvGSQZQEhaBHvccujtWoUV3TTbA==",
      "requires": {
        "decode-uri-component": "^0.2.0",
        "split-on-first": "^1.0.0",
        "strict-uri-encode": "^2.0.0"
      }
    },
    "ranges-apply": {
      "version": "3.1.10",
      "resolved": "https://registry.npmjs.org/ranges-apply/-/ranges-apply-3.1.10.tgz",
      "integrity": "sha512-NghBn6pIJG9hUXSmuTrRA8De4A1f1w5xhUznUOkvXNWibM94H3iZt8/C0TUTwjfGKfGpccrPE6pHgUBRArm9bQ==",
      "requires": {
        "ranges-merge": "^4.3.8"
      }
    },
    "ranges-merge": {
      "version": "4.3.8",
      "resolved": "https://registry.npmjs.org/ranges-merge/-/ranges-merge-4.3.8.tgz",
      "integrity": "sha512-6YjdL2lvv6mO2tjDTCoDbCowHawzGLEYXaMwDrs3bV2CWtXcTIVuDTtcYZO3EHR4AmUgN6wXuQsjOtV+PsOWQQ==",
      "requires": {
        "ranges-sort": "^3.12.0"
      }
    },
    "ranges-push": {
      "version": "3.7.14",
      "resolved": "https://registry.npmjs.org/ranges-push/-/ranges-push-3.7.14.tgz",
      "integrity": "sha512-vkzQVK/R3NFTJjzwz8yY0yvUcMgPu+NQyFOsCs7zkxxnvRLuumGugjWMmj+6i9BUkMPNHnw2UAFjOebjNfO7Rw==",
      "requires": {
        "ranges-merge": "^4.3.8",
        "string-collapse-leading-whitespace": "^2.0.20",
        "string-trim-spaces-only": "^2.8.17"
      }
    },
    "ranges-sort": {
      "version": "3.12.0",
      "resolved": "https://registry.npmjs.org/ranges-sort/-/ranges-sort-3.12.0.tgz",
      "integrity": "sha512-YCFqRd1Bxh5vKyItPtQDXMsbPSsDD33/pI9O7z2Dy2nyOyfGxT969KxMuVvr6/iDWB3hPOd8fhUE85Aw6dX7Cg=="
    },
    "readable-stream": {
      "version": "3.4.0",
      "resolved": "https://registry.npmjs.org/readable-stream/-/readable-stream-3.4.0.tgz",
      "integrity": "sha512-jItXPLmrSR8jmTRmRWJXCnGJsfy85mB3Wd/uINMXA65yrnFo0cPClFIUWzo2najVNSl+mx7/4W8ttlLWJe99pQ==",
      "requires": {
        "inherits": "^2.0.3",
        "string_decoder": "^1.1.1",
        "util-deprecate": "^1.0.1"
      }
    },
    "regex-empty-conditional-comments": {
      "version": "1.8.57",
      "resolved": "https://registry.npmjs.org/regex-empty-conditional-comments/-/regex-empty-conditional-comments-1.8.57.tgz",
      "integrity": "sha512-vzdDOGLdpbTCfKUq7beclP00MoyQT+m/qUE/gjcnMNRD8P5uSF4faDibLQL3ysoDELYboAh4xAwJ5F64fIAoIg=="
    },
    "safe-buffer": {
      "version": "5.2.0",
      "resolved": "https://registry.npmjs.org/safe-buffer/-/safe-buffer-5.2.0.tgz",
      "integrity": "sha512-fZEwUGbVl7kouZs1jCdMLdt95hdIv0ZeHg6L7qPeciMZhZ+/gdesW4wgTARkrFWEpspjEATAzUGPG8N2jJiwbg=="
    },
    "semver": {
      "version": "5.7.1",
      "resolved": "https://registry.npmjs.org/semver/-/semver-5.7.1.tgz",
      "integrity": "sha512-sauaDf/PZdVgrLTNYHRtpXa1iRiKcaebiKQ1BJdpQlWH2lCvexQdX55snPFyK7QzpudqbCI0qXFfOasHdyNDGQ=="
    },
    "sigmund": {
      "version": "1.0.1",
      "resolved": "https://registry.npmjs.org/sigmund/-/sigmund-1.0.1.tgz",
      "integrity": "sha1-P/IfGYytIXX587eBhT/ZTQ0ZtZA="
    },
    "slick": {
      "version": "1.12.2",
      "resolved": "https://registry.npmjs.org/slick/-/slick-1.12.2.tgz",
      "integrity": "sha1-vQSN23TefRymkV+qSldXCzVQwtc="
    },
    "split-on-first": {
      "version": "1.1.0",
      "resolved": "https://registry.npmjs.org/split-on-first/-/split-on-first-1.1.0.tgz",
      "integrity": "sha512-43ZssAJaMusuKWL8sKUBQXHWOpq8d6CfN/u1p4gUzfJkM05C8rxTmYrkIPTXapZpORA6LkkzcUulJ8FqA7Uudw=="
    },
    "strict-uri-encode": {
      "version": "2.0.0",
      "resolved": "https://registry.npmjs.org/strict-uri-encode/-/strict-uri-encode-2.0.0.tgz",
      "integrity": "sha1-ucczDHBChi9rFC3CdLvMWGbONUY="
    },
    "string-character-is-astral-surrogate": {
      "version": "1.10.58",
      "resolved": "https://registry.npmjs.org/string-character-is-astral-surrogate/-/string-character-is-astral-surrogate-1.10.58.tgz",
      "integrity": "sha512-HKgTbQhd2QxZWmopSKSmNp2+mhkASBDxQGlQJlQ4xkA60fXIekQl8EU4giTWADZcNRtVDe/8OLMROEqa3i3Stw=="
    },
    "string-collapse-leading-whitespace": {
      "version": "2.0.20",
      "resolved": "https://registry.npmjs.org/string-collapse-leading-whitespace/-/string-collapse-leading-whitespace-2.0.20.tgz",
      "integrity": "sha512-NsDj7efJ4QC0l9SjZYzC1HdS9UEyaMdM5NUjNlFwxxoi3T6Ns05RqZRUlFQ5bKDRQW6F8Ws9ZkuWLL03q5OLgg=="
    },
    "string-extract-class-names": {
      "version": "5.9.25",
      "resolved": "https://registry.npmjs.org/string-extract-class-names/-/string-extract-class-names-5.9.25.tgz",
      "integrity": "sha512-5bQaIpz41a0zv3oJUUBj26oukF098a1Uzyt/0Xpxu4D+yUraB0GRVjBKw4g1fuRLLZmd3vbB3WfNMWOhgVptoQ==",
      "requires": {
        "string-left-right": "^2.3.24"
      }
    },
    "string-left-right": {
      "version": "2.3.24",
      "resolved": "https://registry.npmjs.org/string-left-right/-/string-left-right-2.3.24.tgz",
      "integrity": "sha512-aJLgeCb5ourwPp5q7N40C8C+WqOHpGY/1iiAYRKJRUylHu95aWRBM0aZZackaLqJhvj1hhHXk16If4WxE+zveA==",
      "requires": {
        "lodash.clonedeep": "^4.5.0",
        "lodash.isplainobject": "^4.0.6"
      }
    },
    "string-match-left-right": {
      "version": "4.0.8",
      "resolved": "https://registry.npmjs.org/string-match-left-right/-/string-match-left-right-4.0.8.tgz",
      "integrity": "sha512-Bog/eO/iHUNkrVTKPWLEcdqRmUyi4aVSZuHKAPfb321kLnHJhpRc9QNzKHePO6TojtNSUPGUKqxpUsu6x1m72A==",
      "requires": {
        "arrayiffy-if-string": "^3.11.32",
        "lodash.isplainobject": "^4.0.6",
        "string-character-is-astral-surrogate": "^1.10.58"
      }
    },
    "string-range-expander": {
      "version": "1.11.5",
      "resolved": "https://registry.npmjs.org/string-range-expander/-/string-range-expander-1.11.5.tgz",
      "integrity": "sha512-pnt9jb91hx6BIBz+m/bFtvtUL/fBoJW4sZcKMqRi1QZeNkA8uVDojeg7aRlQnKiKSmfc6KFycHkIkmygQFWCkQ=="
    },
    "string-strip-html": {
      "version": "4.5.0",
      "resolved": "https://registry.npmjs.org/string-strip-html/-/string-strip-html-4.5.0.tgz",
      "integrity": "sha512-0jwKk4p8IjK6vpL6cPIpiKsYRLai57SnQSpr0rvlOtDOURyu1Xf7mgzualQkj1+6h+46xzXMDhz3mcn7E114lA==",
      "requires": {
        "ent": "^2.2.0",
        "lodash.isplainobject": "^4.0.6",
        "lodash.trim": "^4.5.1",
        "lodash.without": "^4.4.0",
        "ranges-apply": "^3.1.10",
        "ranges-push": "^3.7.14",
        "string-left-right": "^2.3.24"
      }
    },
    "string-trim-spaces-only": {
      "version": "2.8.17",
      "resolved": "https://registry.npmjs.org/string-trim-spaces-only/-/string-trim-spaces-only-2.8.17.tgz",
      "integrity": "sha512-IAjwhcVS2AMD93GPGl8ONQmtDqcdmsvgHekVafQ/p389CGlp8VkCpOdUGsRW1OunzaVyzZzFesoKCju8fbA8Lw=="
    },
    "string-uglify": {
      "version": "1.2.39",
      "resolved": "https://registry.npmjs.org/string-uglify/-/string-uglify-1.2.39.tgz",
      "integrity": "sha512-LotWCfJ1j/vcT2+9VSezo5gkm+tiucSnrNWJE+JQJ55pqcZmiPmooOMFLIKZhiROn9DRnIFRrni4WorXd+65Ug=="
    },
    "string_decoder": {
      "version": "1.3.0",
      "resolved": "https://registry.npmjs.org/string_decoder/-/string_decoder-1.3.0.tgz",
      "integrity": "sha512-hkRX8U1WjJFd8LsDJ2yQ/wWWxaopEsABU1XfkM8A+j0+85JAGppt16cr1Whg6KIbb4okU6Mql6BOj+uup/wKeA==",
      "requires": {
        "safe-buffer": "~5.2.0"
      }
    },
    "util-deprecate": {
      "version": "1.0.2",
      "resolved": "https://registry.npmjs.org/util-deprecate/-/util-deprecate-1.0.2.tgz",
      "integrity": "sha1-RQ1Nyfpw3nMnYvvS1KKJgUGaDM8="
    },
    "valid-data-url": {
      "version": "3.0.0",
      "resolved": "https://registry.npmjs.org/valid-data-url/-/valid-data-url-3.0.0.tgz",
      "integrity": "sha512-sQiIQI3XP1LaOZ8Cgfp7TmVzNVK+O7l+sbsOpzeJDdzIibAHZO1uia6gDyiL/NwKbbgp6GLWIl+QP7T/QBEVug=="
    },
    "web-resource-inliner": {
      "version": "5.0.0",
      "resolved": "https://registry.npmjs.org/web-resource-inliner/-/web-resource-inliner-5.0.0.tgz",
      "integrity": "sha512-AIihwH+ZmdHfkJm7BjSXiEClVt4zUFqX4YlFAzjL13wLtDuUneSaFvDBTbdYRecs35SiU7iNKbMnN+++wVfb6A==",
      "requires": {
        "ansi-colors": "^4.1.1",
        "escape-goat": "^3.0.0",
        "htmlparser2": "^4.0.0",
        "mime": "^2.4.6",
        "node-fetch": "^2.6.0",
        "valid-data-url": "^3.0.0"
      },
      "dependencies": {
        "dom-serializer": {
          "version": "0.2.2",
          "resolved": "https://registry.npmjs.org/dom-serializer/-/dom-serializer-0.2.2.tgz",
          "integrity": "sha512-2/xPb3ORsQ42nHYiSunXkDjPLBaEj/xTwUO4B7XCZQTRk7EBtTOPaygh10YAAh2OI1Qrp6NWfpAhzswj0ydt9g==",
          "requires": {
            "domelementtype": "^2.0.1",
            "entities": "^2.0.0"
          }
        },
        "domelementtype": {
          "version": "2.0.1",
          "resolved": "https://registry.npmjs.org/domelementtype/-/domelementtype-2.0.1.tgz",
          "integrity": "sha512-5HOHUDsYZWV8FGWN0Njbr/Rn7f/eWSQi1v7+HsUVwXgn8nWWlL64zKDkS0n8ZmQ3mlWOMuXOnR+7Nx/5tMO5AQ=="
        },
        "domhandler": {
          "version": "3.0.0",
          "resolved": "https://registry.npmjs.org/domhandler/-/domhandler-3.0.0.tgz",
          "integrity": "sha512-eKLdI5v9m67kbXQbJSNn1zjh0SDzvzWVWtX+qEI3eMjZw8daH9k8rlj1FZY9memPwjiskQFbe7vHVVJIAqoEhw==",
          "requires": {
            "domelementtype": "^2.0.1"
          }
        },
        "domutils": {
          "version": "2.1.0",
          "resolved": "https://registry.npmjs.org/domutils/-/domutils-2.1.0.tgz",
          "integrity": "sha512-CD9M0Dm1iaHfQ1R/TI+z3/JWp/pgub0j4jIQKH89ARR4ATAV2nbaOQS5XxU9maJP5jHaPdDDQSEHuE2UmpUTKg==",
          "requires": {
            "dom-serializer": "^0.2.1",
            "domelementtype": "^2.0.1",
            "domhandler": "^3.0.0"
          }
        },
        "entities": {
          "version": "2.0.3",
          "resolved": "https://registry.npmjs.org/entities/-/entities-2.0.3.tgz",
          "integrity": "sha512-MyoZ0jgnLvB2X3Lg5HqpFmn1kybDiIfEQmKzTb5apr51Rb+T3KdmMiqa70T+bhGnyv7bQ6WMj2QMHpGMmlrUYQ=="
        },
        "htmlparser2": {
          "version": "4.1.0",
          "resolved": "https://registry.npmjs.org/htmlparser2/-/htmlparser2-4.1.0.tgz",
          "integrity": "sha512-4zDq1a1zhE4gQso/c5LP1OtrhYTncXNSpvJYtWJBtXAETPlMfi3IFNjGuQbYLuVY4ZR0QMqRVvo4Pdy9KLyP8Q==",
          "requires": {
            "domelementtype": "^2.0.1",
            "domhandler": "^3.0.0",
            "domutils": "^2.0.0",
            "entities": "^2.0.0"
          }
        }
      }
    },
    "wrappy": {
      "version": "1.0.2",
      "resolved": "https://registry.npmjs.org/wrappy/-/wrappy-1.0.2.tgz",
      "integrity": "sha1-tSQ9jz7BqjXxNkYFvA0QNuMKtp8="
    },
    "yallist": {
      "version": "2.1.2",
      "resolved": "https://registry.npmjs.org/yallist/-/yallist-2.1.2.tgz",
      "integrity": "sha1-HBH5IY8HYImkfdUS+TxmmaaoHVI="
    }
  }
}
